
Microsoft Visual Studio Solution File, Format Version 12.00
# Visual Studio Version 16
VisualStudioVersion = 16.0.30907.101
MinimumVisualStudioVersion = 10.0.40219.1
Project("{FAE04EC0-301F-11D3-BF4B-00C04F79EFBC}") = "BootStrapDemo2", "BootStrapDemo2.csproj", "{C5F03984-2B84-41AA-AC88-9865E52E3B13}"
EndProject
Global
	GlobalSection(SolutionConfigurationPlatforms) = preSolution
		Debug|Any CPU = Debug|Any CPU
		Release|Any CPU = Release|Any CPU
	EndGlobalSection
	GlobalSection(ProjectConfigurationPlatforms) = postSolution
		{C5F03984-2B84-41AA-AC88-9865E52E3B13}.Debug|Any CPU.ActiveCfg = Debug|Any CPU
		{C5F03984-2B84-41AA-AC88-9865E52E3B13}.Debug|Any CPU.Build.0 = Debug|Any CPU
		{C5F03984-2B84-41AA-AC88-9865E52E3B13}.Release|Any CPU.ActiveCfg = Release|Any CPU
		{C5F03984-2B84-41AA-AC88-9865E52E3B13}.Release|Any CPU.Build.0 = Release|Any CPU
	EndGlobalSection
	GlobalSection(SolutionProperties) = preSolution
		HideSolutionNode = FALSE
	EndGlobalSection
	GlobalSection(ExtensibilityGlobals) = postSolution
		SolutionGuid = {75000170-2E97-4992-BAD2-8D5C23466276}
	EndGlobalSection
EndGlobal
